
Microsoft Visual Studio Solution File, Format Version 12.00
# Visual Studio Version 17
VisualStudioVersion = 17.9.34701.34
MinimumVisualStudioVersion = 10.0.40219.1
Project("{FAE04EC0-301F-11D3-BF4B-00C04F79EFBC}") = "GameStore", "GameStore\GameStore.csproj", "{DF080CB7-9525-47A6-861F-1D543CFC59C9}"
EndProject
Global
	GlobalSection(SolutionConfigurationPlatforms) = preSolution
		Debug|Any CPU = Debug|Any CPU
		Release|Any CPU = Release|Any CPU
	EndGlobalSection
	GlobalSection(ProjectConfigurationPlatforms) = postSolution
		{DF080CB7-9525-47A6-861F-1D543CFC59C9}.Debug|Any CPU.ActiveCfg = Debug|Any CPU
		{DF080CB7-9525-47A6-861F-1D543CFC59C9}.Debug|Any CPU.Build.0 = Debug|Any CPU
		{DF080CB7-9525-47A6-861F-1D543CFC59C9}.Release|Any CPU.ActiveCfg = Release|Any CPU
		{DF080CB7-9525-47A6-861F-1D543CFC59C9}.Release|Any CPU.Build.0 = Release|Any CPU
	EndGlobalSection
	GlobalSection(SolutionProperties) = preSolution
		HideSolutionNode = FALSE
	EndGlobalSection
	GlobalSection(ExtensibilityGlobals) = postSolution
		SolutionGuid = {F97D45D6-56E7-4BE9-945F-B42B5B79F660}
	EndGlobalSection
EndGlobal
