
Microsoft Visual Studio Solution File, Format Version 12.00
# Visual Studio Version 17
VisualStudioVersion = 17.9.34902.65
MinimumVisualStudioVersion = 10.0.40219.1
Project("{FAE04EC0-301F-11D3-BF4B-00C04F79EFBC}") = "StudentPortal", "StudentPortal\StudentPortal.csproj", "{307BBDBA-40EF-4ABB-A36B-EFFA3644CCE2}"
EndProject
Global
	GlobalSection(SolutionConfigurationPlatforms) = preSolution
		Debug|Any CPU = Debug|Any CPU
		Release|Any CPU = Release|Any CPU
	EndGlobalSection
	GlobalSection(ProjectConfigurationPlatforms) = postSolution
		{307BBDBA-40EF-4ABB-A36B-EFFA3644CCE2}.Debug|Any CPU.ActiveCfg = Debug|Any CPU
		{307BBDBA-40EF-4ABB-A36B-EFFA3644CCE2}.Debug|Any CPU.Build.0 = Debug|Any CPU
		{307BBDBA-40EF-4ABB-A36B-EFFA3644CCE2}.Release|Any CPU.ActiveCfg = Release|Any CPU
		{307BBDBA-40EF-4ABB-A36B-EFFA3644CCE2}.Release|Any CPU.Build.0 = Release|Any CPU
	EndGlobalSection
	GlobalSection(SolutionProperties) = preSolution
		HideSolutionNode = FALSE
	EndGlobalSection
	GlobalSection(ExtensibilityGlobals) = postSolution
		SolutionGuid = {F69D9254-48D8-42BD-8309-7FB6B278194C}
	EndGlobalSection
EndGlobal
