
Microsoft Visual Studio Solution File, Format Version 12.00
# Visual Studio Version 17
VisualStudioVersion = 17.9.34701.34
MinimumVisualStudioVersion = 10.0.40219.1
Project("{FAE04EC0-301F-11D3-BF4B-00C04F79EFBC}") = "FileViewer", "FileViewer\FileViewer.csproj", "{2120C600-9032-4C09-A848-B9ACA971B6CE}"
EndProject
Global
	GlobalSection(SolutionConfigurationPlatforms) = preSolution
		Debug|Any CPU = Debug|Any CPU
		Release|Any CPU = Release|Any CPU
	EndGlobalSection
	GlobalSection(ProjectConfigurationPlatforms) = postSolution
		{2120C600-9032-4C09-A848-B9ACA971B6CE}.Debug|Any CPU.ActiveCfg = Debug|Any CPU
		{2120C600-9032-4C09-A848-B9ACA971B6CE}.Debug|Any CPU.Build.0 = Debug|Any CPU
		{2120C600-9032-4C09-A848-B9ACA971B6CE}.Release|Any CPU.ActiveCfg = Release|Any CPU
		{2120C600-9032-4C09-A848-B9ACA971B6CE}.Release|Any CPU.Build.0 = Release|Any CPU
	EndGlobalSection
	GlobalSection(SolutionProperties) = preSolution
		HideSolutionNode = FALSE
	EndGlobalSection
	GlobalSection(ExtensibilityGlobals) = postSolution
		SolutionGuid = {137B4A97-338C-4BD7-AE36-51963604FADC}
	EndGlobalSection
EndGlobal
