
Microsoft Visual Studio Solution File, Format Version 12.00
# Visual Studio Version 17
VisualStudioVersion = 17.9.34622.214
MinimumVisualStudioVersion = 10.0.40219.1
Project("{FAE04EC0-301F-11D3-BF4B-00C04F79EFBC}") = "Eventures.App", "Eventures.App\Eventures.App.csproj", "{B071CE0A-9E28-4D31-8415-69E89F70DA30}"
EndProject
Global
	GlobalSection(SolutionConfigurationPlatforms) = preSolution
		Debug|Any CPU = Debug|Any CPU
		Release|Any CPU = Release|Any CPU
	EndGlobalSection
	GlobalSection(ProjectConfigurationPlatforms) = postSolution
		{B071CE0A-9E28-4D31-8415-69E89F70DA30}.Debug|Any CPU.ActiveCfg = Debug|Any CPU
		{B071CE0A-9E28-4D31-8415-69E89F70DA30}.Debug|Any CPU.Build.0 = Debug|Any CPU
		{B071CE0A-9E28-4D31-8415-69E89F70DA30}.Release|Any CPU.ActiveCfg = Release|Any CPU
		{B071CE0A-9E28-4D31-8415-69E89F70DA30}.Release|Any CPU.Build.0 = Release|Any CPU
	EndGlobalSection
	GlobalSection(SolutionProperties) = preSolution
		HideSolutionNode = FALSE
	EndGlobalSection
	GlobalSection(ExtensibilityGlobals) = postSolution
		SolutionGuid = {2FF632CF-706F-421C-A213-B17CD7714644}
	EndGlobalSection
EndGlobal
